// !$*UTF8*$!
{
	archiveVersion = 1;
	classes = {
	};
	objectVersion = 50;
	objects = {

/* Begin PBXBuildFile section */
		428CE3EDC097F0D6AF879DCB /* Pods_Todoey.framework in Frameworks */ = {isa = PBXBuildFile; fileRef = CB2003F7354EAB0382AF01A2 /* Pods_Todoey.framework */; };
		7D51C04721F1FDF10062C6AC /* AppDelegate.swift in Sources */ = {isa = PBXBuildFile; fileRef = 7D51C04621F1FDF10062C6AC /* AppDelegate.swift */; };
		7D51C04921F1FDF10062C6AC /* TodoListViewController.swift in Sources */ = {isa = PBXBuildFile; fileRef = 7D51C04821F1FDF10062C6AC /* TodoListViewController.swift */; };
		7D51C04C21F1FDF10062C6AC /* Main.storyboard in Resources */ = {isa = PBXBuildFile; fileRef = 7D51C04A21F1FDF10062C6AC /* Main.storyboard */; };
		7D51C04E21F1FDF50062C6AC /* Assets.xcassets in Resources */ = {isa = PBXBuildFile; fileRef = 7D51C04D21F1FDF50062C6AC /* Assets.xcassets */; };
		7D51C05121F1FDF50062C6AC /* LaunchScreen.storyboard in Resources */ = {isa = PBXBuildFile; fileRef = 7D51C04F21F1FDF50062C6AC /* LaunchScreen.storyboard */; };
		7D51C05921F726240062C6AC /* Item.swift in Sources */ = {isa = PBXBuildFile; fileRef = 7D51C05821F726240062C6AC /* Item.swift */; };
		7D51C06021F726A30062C6AC /* Default-568h@2x.png in Resources */ = {isa = PBXBuildFile; fileRef = 7D51C05F21F726A30062C6AC /* Default-568h@2x.png */; };
		7DAEF1C521F8833800279452 /* CategoriesViewController.swift in Sources */ = {isa = PBXBuildFile; fileRef = 7DAEF1C421F8833800279452 /* CategoriesViewController.swift */; };
		7DAEF1C721F89A6900279452 /* Data.swift in Sources */ = {isa = PBXBuildFile; fileRef = 7DAEF1C621F89A6900279452 /* Data.swift */; };
		7DAEF1C921F8A43100279452 /* Category.swift in Sources */ = {isa = PBXBuildFile; fileRef = 7DAEF1C821F8A43100279452 /* Category.swift */; };
/* End PBXBuildFile section */

/* Begin PBXFileReference section */
		7D51C04321F1FDF10062C6AC /* Todoey.app */ = {isa = PBXFileReference; explicitFileType = wrapper.application; includeInIndex = 0; path = Todoey.app; sourceTree = BUILT_PRODUCTS_DIR; };
		7D51C04621F1FDF10062C6AC /* AppDelegate.swift */ = {isa = PBXFileReference; lastKnownFileType = sourcecode.swift; path = AppDelegate.swift; sourceTree = "<group>"; };
		7D51C04821F1FDF10062C6AC /* TodoListViewController.swift */ = {isa = PBXFileReference; lastKnownFileType = sourcecode.swift; path = TodoListViewController.swift; sourceTree = "<group>"; };
		7D51C04B21F1FDF10062C6AC /* Base */ = {isa = PBXFileReference; lastKnownFileType = file.storyboard; name = Base; path = Base.lproj/Main.storyboard; sourceTree = "<group>"; };
		7D51C04D21F1FDF50062C6AC /* Assets.xcassets */ = {isa = PBXFileReference; lastKnownFileType = folder.assetcatalog; path = Assets.xcassets; sourceTree = "<group>"; };
		7D51C05021F1FDF50062C6AC /* Base */ = {isa = PBXFileReference; lastKnownFileType = file.storyboard; name = Base; path = Base.lproj/LaunchScreen.storyboard; sourceTree = "<group>"; };
		7D51C05221F1FDF50062C6AC /* Info.plist */ = {isa = PBXFileReference; lastKnownFileType = text.plist.xml; path = Info.plist; sourceTree = "<group>"; };
		7D51C05821F726240062C6AC /* Item.swift */ = {isa = PBXFileReference; lastKnownFileType = sourcecode.swift; path = Item.swift; sourceTree = "<group>"; };
		7D51C05F21F726A30062C6AC /* Default-568h@2x.png */ = {isa = PBXFileReference; lastKnownFileType = image.png; path = "Default-568h@2x.png"; sourceTree = "<group>"; };
		7DAEF1C421F8833800279452 /* CategoriesViewController.swift */ = {isa = PBXFileReference; lastKnownFileType = sourcecode.swift; path = CategoriesViewController.swift; sourceTree = "<group>"; };
		7DAEF1C621F89A6900279452 /* Data.swift */ = {isa = PBXFileReference; lastKnownFileType = sourcecode.swift; path = Data.swift; sourceTree = "<group>"; };
		7DAEF1C821F8A43100279452 /* Category.swift */ = {isa = PBXFileReference; lastKnownFileType = sourcecode.swift; path = Category.swift; sourceTree = "<group>"; };
		CB2003F7354EAB0382AF01A2 /* Pods_Todoey.framework */ = {isa = PBXFileReference; explicitFileType = wrapper.framework; includeInIndex = 0; path = Pods_Todoey.framework; sourceTree = BUILT_PRODUCTS_DIR; };
		D852A437AF973EC7917F8E26 /* Pods-Todoey.release.xcconfig */ = {isa = PBXFileReference; includeInIndex = 1; lastKnownFileType = text.xcconfig; name = "Pods-Todoey.release.xcconfig"; path = "Pods/Target Support Files/Pods-Todoey/Pods-Todoey.release.xcconfig"; sourceTree = "<group>"; };
		E99CF7C862F22F4647643B72 /* Pods-Todoey.debug.xcconfig */ = {isa = PBXFileReference; includeInIndex = 1; lastKnownFileType = text.xcconfig; name = "Pods-Todoey.debug.xcconfig"; path = "Pods/Target Support Files/Pods-Todoey/Pods-Todoey.debug.xcconfig"; sourceTree = "<group>"; };
/* End PBXFileReference section */

/* Begin PBXFrameworksBuildPhase section */
		7D51C04021F1FDF10062C6AC /* Frameworks */ = {
			isa = PBXFrameworksBuildPhase;
			buildActionMask = 2147483647;
			files = (
				428CE3EDC097F0D6AF879DCB /* Pods_Todoey.framework in Frameworks */,
			);
			runOnlyForDeploymentPostprocessing = 0;
		};
/* End PBXFrameworksBuildPhase section */

/* Begin PBXGroup section */
		2DC3956B42C234ECDAF704F8 /* Frameworks */ = {
			isa = PBXGroup;
			children = (
				CB2003F7354EAB0382AF01A2 /* Pods_Todoey.framework */,
			);
			name = Frameworks;
			sourceTree = "<group>";
		};
		7D51C03A21F1FDF10062C6AC = {
			isa = PBXGroup;
			children = (
				7D51C04521F1FDF10062C6AC /* Todoey */,
				7D51C04421F1FDF10062C6AC /* Products */,
				F361243EFB2C4C034B7909D0 /* Pods */,
				2DC3956B42C234ECDAF704F8 /* Frameworks */,
			);
			sourceTree = "<group>";
		};
		7D51C04421F1FDF10062C6AC /* Products */ = {
			isa = PBXGroup;
			children = (
				7D51C04321F1FDF10062C6AC /* Todoey.app */,
			);
			name = Products;
			sourceTree = "<group>";
		};
		7D51C04521F1FDF10062C6AC /* Todoey */ = {
			isa = PBXGroup;
			children = (
				7D51C05221F1FDF50062C6AC /* Info.plist */,
				7D51C04621F1FDF10062C6AC /* AppDelegate.swift */,
				7D51C05C21F726440062C6AC /* Controllers */,
				7D51C05D21F7264F0062C6AC /* Views */,
				7D51C05E21F726580062C6AC /* Supporting Files */,
				7D51C05B21F726390062C6AC /* Data Models */,
			);
			path = Todoey;
			sourceTree = "<group>";
		};
		7D51C05B21F726390062C6AC /* Data Models */ = {
			isa = PBXGroup;
			children = (
				7DAEF1C821F8A43100279452 /* Category.swift */,
				7D51C05821F726240062C6AC /* Item.swift */,
				7DAEF1C621F89A6900279452 /* Data.swift */,
			);
			path = "Data Models";
			sourceTree = "<group>";
		};
		7D51C05C21F726440062C6AC /* Controllers */ = {
			isa = PBXGroup;
			children = (
				7D51C04821F1FDF10062C6AC /* TodoListViewController.swift */,
				7DAEF1C421F8833800279452 /* CategoriesViewController.swift */,
			);
			path = Controllers;
			sourceTree = "<group>";
		};
		7D51C05D21F7264F0062C6AC /* Views */ = {
			isa = PBXGroup;
			children = (
				7D51C04A21F1FDF10062C6AC /* Main.storyboard */,
			);
			path = Views;
			sourceTree = "<group>";
		};
		7D51C05E21F726580062C6AC /* Supporting Files */ = {
			isa = PBXGroup;
			children = (
				7D51C05F21F726A30062C6AC /* Default-568h@2x.png */,
				7D51C04D21F1FDF50062C6AC /* Assets.xcassets */,
				7D51C04F21F1FDF50062C6AC /* LaunchScreen.storyboard */,
			);
			path = "Supporting Files";
			sourceTree = "<group>";
		};
		F361243EFB2C4C034B7909D0 /* Pods */ = {
			isa = PBXGroup;
			children = (
				E99CF7C862F22F4647643B72 /* Pods-Todoey.debug.xcconfig */,
				D852A437AF973EC7917F8E26 /* Pods-Todoey.release.xcconfig */,
			);
			name = Pods;
			sourceTree = "<group>";
		};
/* End PBXGroup section */

/* Begin PBXNativeTarget section */
		7D51C04221F1FDF10062C6AC /* Todoey */ = {
			isa = PBXNativeTarget;
			buildConfigurationList = 7D51C05521F1FDF50062C6AC /* Build configuration list for PBXNativeTarget "Todoey" */;
			buildPhases = (
				7B796B8DC41F76D475B4743B /* [CP] Check Pods Manifest.lock */,
				7D51C03F21F1FDF10062C6AC /* Sources */,
				7D51C04021F1FDF10062C6AC /* Frameworks */,
				7D51C04121F1FDF10062C6AC /* Resources */,
				959BF8C17A905796F8BB46DB /* [CP] Embed Pods Frameworks */,
			);
			buildRules = (
			);
			dependencies = (
			);
			name = Todoey;
			productName = Todoey;
			productReference = 7D51C04321F1FDF10062C6AC /* Todoey.app */;
			productType = "com.apple.product-type.application";
		};
/* End PBXNativeTarget section */

/* Begin PBXProject section */
		7D51C03B21F1FDF10062C6AC /* Project object */ = {
			isa = PBXProject;
			attributes = {
				LastSwiftUpdateCheck = 1010;
				LastUpgradeCheck = 1010;
				ORGANIZATIONNAME = Sergiu;
				TargetAttributes = {
					7D51C04221F1FDF10062C6AC = {
						CreatedOnToolsVersion = 10.1;
					};
				};
			};
			buildConfigurationList = 7D51C03E21F1FDF10062C6AC /* Build configuration list for PBXProject "Todoey" */;
			compatibilityVersion = "Xcode 9.3";
			developmentRegion = en;
			hasScannedForEncodings = 0;
			knownRegions = (
				en,
				Base,
			);
			mainGroup = 7D51C03A21F1FDF10062C6AC;
			productRefGroup = 7D51C04421F1FDF10062C6AC /* Products */;
			projectDirPath = "";
			projectRoot = "";
			targets = (
				7D51C04221F1FDF10062C6AC /* Todoey */,
			);
		};
/* End PBXProject section */

/* Begin PBXResourcesBuildPhase section */
		7D51C04121F1FDF10062C6AC /* Resources */ = {
			isa = PBXResourcesBuildPhase;
			buildActionMask = 2147483647;
			files = (
				7D51C05121F1FDF50062C6AC /* LaunchScreen.storyboard in Resources */,
				7D51C06021F726A30062C6AC /* Default-568h@2x.png in Resources */,
				7D51C04E21F1FDF50062C6AC /* Assets.xcassets in Resources */,
				7D51C04C21F1FDF10062C6AC /* Main.storyboard in Resources */,
			);
			runOnlyForDeploymentPostprocessing = 0;
		};
/* End PBXResourcesBuildPhase section */

/* Begin PBXShellScriptBuildPhase section */
		7B796B8DC41F76D475B4743B /* [CP] Check Pods Manifest.lock */ = {
			isa = PBXShellScriptBuildPhase;
			buildActionMask = 2147483647;
			files = (
			);
			inputPaths = (
				"${PODS_PODFILE_DIR_PATH}/Podfile.lock",
				"${PODS_ROOT}/Manifest.lock",
			);
			name = "[CP] Check Pods Manifest.lock";
			outputPaths = (
				"$(DERIVED_FILE_DIR)/Pods-Todoey-checkManifestLockResult.txt",
			);
			runOnlyForDeploymentPostprocessing = 0;
			shellPath = /bin/sh;
			shellScript = "diff \"${PODS_PODFILE_DIR_PATH}/Podfile.lock\" \"${PODS_ROOT}/Manifest.lock\" > /dev/null\nif [ $? != 0 ] ; then\n    # print error to STDERR\n    echo \"error: The sandbox is not in sync with the Podfile.lock. Run 'pod install' or update your CocoaPods installation.\" >&2\n    exit 1\nfi\n# This output is used by Xcode 'outputs' to avoid re-running this script phase.\necho \"SUCCESS\" > \"${SCRIPT_OUTPUT_FILE_0}\"\n";
			showEnvVarsInLog = 0;
		};
		959BF8C17A905796F8BB46DB /* [CP] Embed Pods Frameworks */ = {
			isa = PBXShellScriptBuildPhase;
			buildActionMask = 2147483647;
			files = (
			);
			inputPaths = (
				"${SRCROOT}/Pods/Target Support Files/Pods-Todoey/Pods-Todoey-frameworks.sh",
				"${BUILT_PRODUCTS_DIR}/Realm/Realm.framework",
				"${BUILT_PRODUCTS_DIR}/RealmSwift/RealmSwift.framework",
				"${BUILT_PRODUCTS_DIR}/SwipeCellKit/SwipeCellKit.framework",
			);
			name = "[CP] Embed Pods Frameworks";
			outputPaths = (
				"${TARGET_BUILD_DIR}/${FRAMEWORKS_FOLDER_PATH}/Realm.framework",
				"${TARGET_BUILD_DIR}/${FRAMEWORKS_FOLDER_PATH}/RealmSwift.framework",
				"${TARGET_BUILD_DIR}/${FRAMEWORKS_FOLDER_PATH}/SwipeCellKit.framework",
			);
			runOnlyForDeploymentPostprocessing = 0;
			shellPath = /bin/sh;
			shellScript = "\"${SRCROOT}/Pods/Target Support Files/Pods-Todoey/Pods-Todoey-frameworks.sh\"\n";
			showEnvVarsInLog = 0;
		};
/* End PBXShellScriptBuildPhase section */

/* Begin PBXSourcesBuildPhase section */
		7D51C03F21F1FDF10062C6AC /* Sources */ = {
			isa = PBXSourcesBuildPhase;
			buildActionMask = 2147483647;
			files = (
				7D51C04921F1FDF10062C6AC /* TodoListViewController.swift in Sources */,
				7DAEF1C721F89A6900279452 /* Data.swift in Sources */,
				7D51C05921F726240062C6AC /* Item.swift in Sources */,
				7DAEF1C521F8833800279452 /* CategoriesViewController.swift in Sources */,
				7D51C04721F1FDF10062C6AC /* AppDelegate.swift in Sources */,
				7DAEF1C921F8A43100279452 /* Category.swift in Sources */,
			);
			runOnlyForDeploymentPostprocessing = 0;
		};
/* End PBXSourcesBuildPhase section */

/* Begin PBXVariantGroup section */
		7D51C04A21F1FDF10062C6AC /* Main.storyboard */ = {
			isa = PBXVariantGroup;
			children = (
				7D51C04B21F1FDF10062C6AC /* Base */,
			);
			name = Main.storyboard;
			sourceTree = "<group>";
		};
		7D51C04F21F1FDF50062C6AC /* LaunchScreen.storyboard */ = {
			isa = PBXVariantGroup;
			children = (
				7D51C05021F1FDF50062C6AC /* Base */,
			);
			name = LaunchScreen.storyboard;
			sourceTree = "<group>";
		};
/* End PBXVariantGroup section */

/* Begin XCBuildConfiguration section */
		7D51C05321F1FDF50062C6AC /* Debug */ = {
			isa = XCBuildConfiguration;
			buildSettings = {
				ALWAYS_SEARCH_USER_PATHS = NO;
				CLANG_ANALYZER_NONNULL = YES;
				CLANG_ANALYZER_NUMBER_OBJECT_CONVERSION = YES_AGGRESSIVE;
				CLANG_CXX_LANGUAGE_STANDARD = "gnu++14";
				CLANG_CXX_LIBRARY = "libc++";
				CLANG_ENABLE_MODULES = YES;
				CLANG_ENABLE_OBJC_ARC = YES;
				CLANG_ENABLE_OBJC_WEAK = YES;
				CLANG_WARN_BLOCK_CAPTURE_AUTORELEASING = YES;
				CLANG_WARN_BOOL_CONVERSION = YES;
				CLANG_WARN_COMMA = YES;
				CLANG_WARN_CONSTANT_CONVERSION = YES;
				CLANG_WARN_DEPRECATED_OBJC_IMPLEMENTATIONS = YES;
				CLANG_WARN_DIRECT_OBJC_ISA_USAGE = YES_ERROR;
				CLANG_WARN_DOCUMENTATION_COMMENTS = YES;
				CLANG_WARN_EMPTY_BODY = YES;
				CLANG_WARN_ENUM_CONVERSION = YES;
				CLANG_WARN_INFINITE_RECURSION = YES;
				CLANG_WARN_INT_CONVERSION = YES;
				CLANG_WARN_NON_LITERAL_NULL_CONVERSION = YES;
				CLANG_WARN_OBJC_IMPLICIT_RETAIN_SELF = YES;
				CLANG_WARN_OBJC_LITERAL_CONVERSION = YES;
				CLANG_WARN_OBJC_ROOT_CLASS = YES_ERROR;
				CLANG_WARN_RANGE_LOOP_ANALYSIS = YES;
				CLANG_WARN_STRICT_PROTOTYPES = YES;
				CLANG_WARN_SUSPICIOUS_MOVE = YES;
				CLANG_WARN_UNGUARDED_AVAILABILITY = YES_AGGRESSIVE;
				CLANG_WARN_UNREACHABLE_CODE = YES;
				CLANG_WARN__DUPLICATE_METHOD_MATCH = YES;
				CODE_SIGN_IDENTITY = "iPhone Developer";
				COPY_PHASE_STRIP = NO;
				DEBUG_INFORMATION_FORMAT = dwarf;
				ENABLE_STRICT_OBJC_MSGSEND = YES;
				ENABLE_TESTABILITY = YES;
				GCC_C_LANGUAGE_STANDARD = gnu11;
				GCC_DYNAMIC_NO_PIC = NO;
				GCC_NO_COMMON_BLOCKS = YES;
				GCC_OPTIMIZATION_LEVEL = 0;
				GCC_PREPROCESSOR_DEFINITIONS = (
					"DEBUG=1",
					"$(inherited)",
				);
				GCC_WARN_64_TO_32_BIT_CONVERSION = YES;
				GCC_WARN_ABOUT_RETURN_TYPE = YES_ERROR;
				GCC_WARN_UNDECLARED_SELECTOR = YES;
				GCC_WARN_UNINITIALIZED_AUTOS = YES_AGGRESSIVE;
				GCC_WARN_UNUSED_FUNCTION = YES;
				GCC_WARN_UNUSED_VARIABLE = YES;
				IPHONEOS_DEPLOYMENT_TARGET = 12.1;
				MTL_ENABLE_DEBUG_INFO = INCLUDE_SOURCE;
				MTL_FAST_MATH = YES;
				ONLY_ACTIVE_ARCH = YES;
				SDKROOT = iphoneos;
				SWIFT_ACTIVE_COMPILATION_CONDITIONS = DEBUG;
				SWIFT_OPTIMIZATION_LEVEL = "-Onone";
			};
			name = Debug;
		};
		7D51C05421F1FDF50062C6AC /* Release */ = {
			isa = XCBuildConfiguration;
			buildSettings = {
				ALWAYS_SEARCH_USER_PATHS = NO;
				CLANG_ANALYZER_NONNULL = YES;
				CLANG_ANALYZER_NUMBER_OBJECT_CONVERSION = YES_AGGRESSIVE;
				CLANG_CXX_LANGUAGE_STANDARD = "gnu++14";
				CLANG_CXX_LIBRARY = "libc++";
				CLANG_ENABLE_MODULES = YES;
				CLANG_ENABLE_OBJC_ARC = YES;
				CLANG_ENABLE_OBJC_WEAK = YES;
				CLANG_WARN_BLOCK_CAPTURE_AUTORELEASING = YES;
				CLANG_WARN_BOOL_CONVERSION = YES;
				CLANG_WARN_COMMA = YES;
				CLANG_WARN_CONSTANT_CONVERSION = YES;
				CLANG_WARN_DEPRECATED_OBJC_IMPLEMENTATIONS = YES;
				CLANG_WARN_DIRECT_OBJC_ISA_USAGE = YES_ERROR;
				CLANG_WARN_DOCUMENTATION_COMMENTS = YES;
				CLANG_WARN_EMPTY_BODY = YES;
				CLANG_WARN_ENUM_CONVERSION = YES;
				CLANG_WARN_INFINITE_RECURSION = YES;
				CLANG_WARN_INT_CONVERSION = YES;
				CLANG_WARN_NON_LITERAL_NULL_CONVERSION = YES;
				CLANG_WARN_OBJC_IMPLICIT_RETAIN_SELF = YES;
				CLANG_WARN_OBJC_LITERAL_CONVERSION = YES;
				CLANG_WARN_OBJC_ROOT_CLASS = YES_ERROR;
				CLANG_WARN_RANGE_LOOP_ANALYSIS = YES;
				CLANG_WARN_STRICT_PROTOTYPES = YES;
				CLANG_WARN_SUSPICIOUS_MOVE = YES;
				CLANG_WARN_UNGUARDED_AVAILABILITY = YES_AGGRESSIVE;
				CLANG_WARN_UNREACHABLE_CODE = YES;
				CLANG_WARN__DUPLICATE_METHOD_MATCH = YES;
				CODE_SIGN_IDENTITY = "iPhone Developer";
				COPY_PHASE_STRIP = NO;
				DEBUG_INFORMATION_FORMAT = "dwarf-with-dsym";
				ENABLE_NS_ASSERTIONS = NO;
				ENABLE_STRICT_OBJC_MSGSEND = YES;
				GCC_C_LANGUAGE_STANDARD = gnu11;
				GCC_NO_COMMON_BLOCKS = YES;
				GCC_WARN_64_TO_32_BIT_CONVERSION = YES;
				GCC_WARN_ABOUT_RETURN_TYPE = YES_ERROR;
				GCC_WARN_UNDECLARED_SELECTOR = YES;
				GCC_WARN_UNINITIALIZED_AUTOS = YES_AGGRESSIVE;
				GCC_WARN_UNUSED_FUNCTION = YES;
				GCC_WARN_UNUSED_VARIABLE = YES;
				IPHONEOS_DEPLOYMENT_TARGET = 12.1;
				MTL_ENABLE_DEBUG_INFO = NO;
				MTL_FAST_MATH = YES;
				SDKROOT = iphoneos;
				SWIFT_COMPILATION_MODE = wholemodule;
				SWIFT_OPTIMIZATION_LEVEL = "-O";
				VALIDATE_PRODUCT = YES;
			};
			name = Release;
		};
		7D51C05621F1FDF50062C6AC /* Debug */ = {
			isa = XCBuildConfiguration;
			baseConfigurationReference = E99CF7C862F22F4647643B72 /* Pods-Todoey.debug.xcconfig */;
			buildSettings = {
				ASSETCATALOG_COMPILER_APPICON_NAME = AppIcon;
				CODE_SIGN_STYLE = Automatic;
				DEVELOPMENT_TEAM = R327F4CW86;
				INFOPLIST_FILE = Todoey/Info.plist;
				LD_RUNPATH_SEARCH_PATHS = (
					"$(inherited)",
					"@executable_path/Frameworks",
				);
				PRODUCT_BUNDLE_IDENTIFIER = com.sergiupop.Todoey;
				PRODUCT_NAME = "$(TARGET_NAME)";
				SWIFT_VERSION = 4.2;
				TARGETED_DEVICE_FAMILY = "1,2";
			};
			name = Debug;
		};
		7D51C05721F1FDF50062C6AC /* Release */ = {
			isa = XCBuildConfiguration;
			baseConfigurationReference = D852A437AF973EC7917F8E26 /* Pods-Todoey.release.xcconfig */;
			buildSettings = {
				ASSETCATALOG_COMPILER_APPICON_NAME = AppIcon;
				CODE_SIGN_STYLE = Automatic;
				DEVELOPMENT_TEAM = R327F4CW86;
				INFOPLIST_FILE = Todoey/Info.plist;
				LD_RUNPATH_SEARCH_PATHS = (
					"$(inherited)",
					"@executable_path/Frameworks",
				);
				PRODUCT_BUNDLE_IDENTIFIER = com.sergiupop.Todoey;
				PRODUCT_NAME = "$(TARGET_NAME)";
				SWIFT_VERSION = 4.2;
				TARGETED_DEVICE_FAMILY = "1,2";
			};
			name = Release;
		};
/* End XCBuildConfiguration section */

/* Begin XCConfigurationList section */
		7D51C03E21F1FDF10062C6AC /* Build configuration list for PBXProject "Todoey" */ = {
			isa = XCConfigurationList;
			buildConfigurations = (
				7D51C05321F1FDF50062C6AC /* Debug */,
				7D51C05421F1FDF50062C6AC /* Release */,
			);
			defaultConfigurationIsVisible = 0;
			defaultConfigurationName = Release;
		};
		7D51C05521F1FDF50062C6AC /* Build configuration list for PBXNativeTarget "Todoey" */ = {
			isa = XCConfigurationList;
			buildConfigurations = (
				7D51C05621F1FDF50062C6AC /* Debug */,
				7D51C05721F1FDF50062C6AC /* Release */,
			);
			defaultConfigurationIsVisible = 0;
			defaultConfigurationName = Release;
		};
/* End XCConfigurationList section */
	};
	rootObject = 7D51C03B21F1FDF10062C6AC /* Project object */;
}
